
Microsoft Visual Studio Solution File, Format Version 12.00
# Visual Studio Version 16
VisualStudioVersion = 16.0.31025.194
MinimumVisualStudioVersion = 10.0.40219.1
Project("{FAE04EC0-301F-11D3-BF4B-00C04F79EFBC}") = "collections", "collections.csproj", "{11267232-C16D-4095-BAE3-E7D6C9319ABF}"
EndProject
Global
	GlobalSection(SolutionConfigurationPlatforms) = preSolution
		Debug|Any CPU = Debug|Any CPU
		Release|Any CPU = Release|Any CPU
	EndGlobalSection
	GlobalSection(ProjectConfigurationPlatforms) = postSolution
		{11267232-C16D-4095-BAE3-E7D6C9319ABF}.Debug|Any CPU.ActiveCfg = Debug|Any CPU
		{11267232-C16D-4095-BAE3-E7D6C9319ABF}.Debug|Any CPU.Build.0 = Debug|Any CPU
		{11267232-C16D-4095-BAE3-E7D6C9319ABF}.Release|Any CPU.ActiveCfg = Release|Any CPU
		{11267232-C16D-4095-BAE3-E7D6C9319ABF}.Release|Any CPU.Build.0 = Release|Any CPU
	EndGlobalSection
	GlobalSection(SolutionProperties) = preSolution
		HideSolutionNode = FALSE
	EndGlobalSection
	GlobalSection(ExtensibilityGlobals) = postSolution
		SolutionGuid = {5B57888B-8697-4AC9-A731-900A1665C006}
	EndGlobalSection
EndGlobal
