
Microsoft Visual Studio Solution File, Format Version 12.00
# Visual Studio Version 17
VisualStudioVersion = 17.13.35931.197 d17.13
MinimumVisualStudioVersion = 10.0.40219.1
Project("{FAE04EC0-301F-11D3-BF4B-00C04F79EFBC}") = "Pg.Easy.Sharding", "Pg.Easy.Sharding.csproj", "{C67AF939-14E8-4E18-B720-A5A60471B03E}"
EndProject
Global
	GlobalSection(SolutionConfigurationPlatforms) = preSolution
		Debug|Any CPU = Debug|Any CPU
		Release|Any CPU = Release|Any CPU
	EndGlobalSection
	GlobalSection(ProjectConfigurationPlatforms) = postSolution
		{C67AF939-14E8-4E18-B720-A5A60471B03E}.Debug|Any CPU.ActiveCfg = Debug|Any CPU
		{C67AF939-14E8-4E18-B720-A5A60471B03E}.Debug|Any CPU.Build.0 = Debug|Any CPU
		{C67AF939-14E8-4E18-B720-A5A60471B03E}.Release|Any CPU.ActiveCfg = Release|Any CPU
		{C67AF939-14E8-4E18-B720-A5A60471B03E}.Release|Any CPU.Build.0 = Release|Any CPU
	EndGlobalSection
	GlobalSection(SolutionProperties) = preSolution
		HideSolutionNode = FALSE
	EndGlobalSection
	GlobalSection(ExtensibilityGlobals) = postSolution
		SolutionGuid = {4DF26137-8FD8-41F1-A1F3-F147E673FD11}
	EndGlobalSection
EndGlobal
