
Microsoft Visual Studio Solution File, Format Version 12.00
# Visual Studio Version 16
VisualStudioVersion = 16.0.30804.86
MinimumVisualStudioVersion = 10.0.40219.1
Project("{FAE04EC0-301F-11D3-BF4B-00C04F79EFBC}") = "WebApplication1", "WebApplication1.csproj", "{C25F3FE4-DDED-4CA0-B3F3-39698A78DBFE}"
EndProject
Global
	GlobalSection(SolutionConfigurationPlatforms) = preSolution
		Debug|Any CPU = Debug|Any CPU
		Release|Any CPU = Release|Any CPU
	EndGlobalSection
	GlobalSection(ProjectConfigurationPlatforms) = postSolution
		{C25F3FE4-DDED-4CA0-B3F3-39698A78DBFE}.Debug|Any CPU.ActiveCfg = Debug|Any CPU
		{C25F3FE4-DDED-4CA0-B3F3-39698A78DBFE}.Debug|Any CPU.Build.0 = Debug|Any CPU
		{C25F3FE4-DDED-4CA0-B3F3-39698A78DBFE}.Release|Any CPU.ActiveCfg = Release|Any CPU
		{C25F3FE4-DDED-4CA0-B3F3-39698A78DBFE}.Release|Any CPU.Build.0 = Release|Any CPU
	EndGlobalSection
	GlobalSection(SolutionProperties) = preSolution
		HideSolutionNode = FALSE
	EndGlobalSection
	GlobalSection(ExtensibilityGlobals) = postSolution
		SolutionGuid = {0A179050-4677-4926-83D5-D7D8AD6D0A2F}
	EndGlobalSection
EndGlobal
