
Microsoft Visual Studio Solution File, Format Version 12.00
# Visual Studio Version 17
VisualStudioVersion = 17.10.35013.160
MinimumVisualStudioVersion = 10.0.40219.1
Project("{9A19103F-16F7-4668-BE54-9A1E7A4F7556}") = "Service.A", "Service.A.csproj", "{93B833B1-68AF-41B9-AADA-7947615F1641}"
EndProject
Project("{9A19103F-16F7-4668-BE54-9A1E7A4F7556}") = "Service.B", "..\Service.B\Service.B.csproj", "{CA0309A6-7862-4302-A77C-22B7CF19FC14}"
EndProject
Project("{2150E333-8FDC-42A3-9474-1A3956D46DE8}") = "Элементы решения", "Элементы решения", "{11E65382-3C00-485F-83E2-4CF099D45D74}"
	ProjectSection(SolutionItems) = preProject
		docker-compose.yml = docker-compose.yml
		otlp-config.yaml = otlp-config.yaml
	EndProjectSection
EndProject
Global
	GlobalSection(SolutionConfigurationPlatforms) = preSolution
		Debug|Any CPU = Debug|Any CPU
		Release|Any CPU = Release|Any CPU
	EndGlobalSection
	GlobalSection(ProjectConfigurationPlatforms) = postSolution
		{93B833B1-68AF-41B9-AADA-7947615F1641}.Debug|Any CPU.ActiveCfg = Debug|Any CPU
		{93B833B1-68AF-41B9-AADA-7947615F1641}.Debug|Any CPU.Build.0 = Debug|Any CPU
		{93B833B1-68AF-41B9-AADA-7947615F1641}.Release|Any CPU.ActiveCfg = Release|Any CPU
		{93B833B1-68AF-41B9-AADA-7947615F1641}.Release|Any CPU.Build.0 = Release|Any CPU
		{CA0309A6-7862-4302-A77C-22B7CF19FC14}.Debug|Any CPU.ActiveCfg = Debug|Any CPU
		{CA0309A6-7862-4302-A77C-22B7CF19FC14}.Debug|Any CPU.Build.0 = Debug|Any CPU
		{CA0309A6-7862-4302-A77C-22B7CF19FC14}.Release|Any CPU.ActiveCfg = Release|Any CPU
		{CA0309A6-7862-4302-A77C-22B7CF19FC14}.Release|Any CPU.Build.0 = Release|Any CPU
	EndGlobalSection
	GlobalSection(SolutionProperties) = preSolution
		HideSolutionNode = FALSE
	EndGlobalSection
	GlobalSection(ExtensibilityGlobals) = postSolution
		SolutionGuid = {518DB371-F0F4-4B60-92D3-1FAED84D718D}
	EndGlobalSection
EndGlobal
