
Microsoft Visual Studio Solution File, Format Version 12.00
# Visual Studio Version 17
VisualStudioVersion = 17.13.35931.197 d17.13
MinimumVisualStudioVersion = 10.0.40219.1
Project("{FAE04EC0-301F-11D3-BF4B-00C04F79EFBC}") = "TestEdu", "TestEdu.csproj", "{5ED60630-5D01-442F-A88B-29E6ED968815}"
EndProject
Global
	GlobalSection(SolutionConfigurationPlatforms) = preSolution
		Debug|Any CPU = Debug|Any CPU
		Release|Any CPU = Release|Any CPU
	EndGlobalSection
	GlobalSection(ProjectConfigurationPlatforms) = postSolution
		{5ED60630-5D01-442F-A88B-29E6ED968815}.Debug|Any CPU.ActiveCfg = Debug|Any CPU
		{5ED60630-5D01-442F-A88B-29E6ED968815}.Debug|Any CPU.Build.0 = Debug|Any CPU
		{5ED60630-5D01-442F-A88B-29E6ED968815}.Release|Any CPU.ActiveCfg = Release|Any CPU
		{5ED60630-5D01-442F-A88B-29E6ED968815}.Release|Any CPU.Build.0 = Release|Any CPU
	EndGlobalSection
	GlobalSection(SolutionProperties) = preSolution
		HideSolutionNode = FALSE
	EndGlobalSection
	GlobalSection(ExtensibilityGlobals) = postSolution
		SolutionGuid = {098B74F7-512B-41D2-AA70-45FF6E0D3A85}
	EndGlobalSection
EndGlobal
